
Microsoft Visual Studio Solution File, Format Version 12.00
# Visual Studio 14
VisualStudioVersion = 14.0.25420.1
MinimumVisualStudioVersion = 10.0.40219.1
Project("{8BC9CEB8-8B4A-11D0-8D11-00A0C91BC942}") = "Search", "Search\Search.vcxproj", "{10F0B11B-B2B7-446F-B7E2-65773AEA3057}"
EndProject
Project("{8BC9CEB8-8B4A-11D0-8D11-00A0C91BC942}") = "GraphConverter", "GraphConverter\GraphConverter.vcxproj", "{CEB832DB-875D-4744-9723-691547886832}"
EndProject
Project("{8BC9CEB8-8B4A-11D0-8D11-00A0C91BC942}") = "Synthesize", "Synthesize\Synthesize.vcxproj", "{7D31660C-9377-4054-834F-AE6964F30845}"
EndProject
Project("{8BC9CEB8-8B4A-11D0-8D11-00A0C91BC942}") = "Evaluator", "Evaluator\Evaluator.vcxproj", "{02ED066E-1BF8-4C4A-A747-2CB2030D96E2}"
	ProjectSection(ProjectDependencies) = postProject
		{CD7381DD-00FB-4845-9C75-25C27E863046} = {CD7381DD-00FB-4845-9C75-25C27E863046}
	EndProjectSection
EndProject
Project("{8BC9CEB8-8B4A-11D0-8D11-00A0C91BC942}") = "common", "common\common.vcxproj", "{4580811A-E985-4BD0-920C-979A56F90960}"
EndProject
Project("{8BC9CEB8-8B4A-11D0-8D11-00A0C91BC942}") = "util", "util\util.vcxproj", "{0BDCBB77-869D-461D-8A5D-1F25358455D3}"
EndProject
Project("{8BC9CEB8-8B4A-11D0-8D11-00A0C91BC942}") = "net", "net\net.vcxproj", "{1EE713D5-BBC5-4115-AD84-4A819E2652E1}"
EndProject
Project("{8BC9CEB8-8B4A-11D0-8D11-00A0C91BC942}") = "msgdriver", "msgdriver\msgdriver.vcxproj", "{44A08E02-7F8A-4A45-B0C7-7138C2111440}"
EndProject
Project("{8BC9CEB8-8B4A-11D0-8D11-00A0C91BC942}") = "msg", "msg\msg.vcxproj", "{12E28A31-1EC6-4A39-8E33-4A698FF0F1B5}"
EndProject
Project("{8BC9CEB8-8B4A-11D0-8D11-00A0C91BC942}") = "UnitTest", "UnitTest\UnitTest.vcxproj", "{2A822265-7AC9-44AE-99BE-02BFE08D542E}"
EndProject
Project("{8BC9CEB8-8B4A-11D0-8D11-00A0C91BC942}") = "enumerator", "Search\enumerator\enumerator.vcxproj", "{C2305F4D-377C-413C-BA0A-702EDD396193}"
EndProject
Project("{8BC9CEB8-8B4A-11D0-8D11-00A0C91BC942}") = "libEval", "libEval\libEval.vcxproj", "{CD7381DD-00FB-4845-9C75-25C27E863046}"
EndProject
Project("{8BC9CEB8-8B4A-11D0-8D11-00A0C91BC942}") = "serialization", "serialization\serialization.vcxproj", "{E6DDA110-62A6-4384-B1A1-3E73CAF8E635}"
EndProject
Project("{8BC9CEB8-8B4A-11D0-8D11-00A0C91BC942}") = "netbase", "netbase\netbase.vcxproj", "{27184A80-403F-4FDA-81DA-CED790F808A0}"
EndProject
Project("{8BC9CEB8-8B4A-11D0-8D11-00A0C91BC942}") = "net-protobuf", "net-protobuf\net-protobuf.vcxproj", "{B763A53F-9B02-4885-B08D-83F08A3DB6B5}"
EndProject
Global
	GlobalSection(SolutionConfigurationPlatforms) = preSolution
		Debug|x64 = Debug|x64
		Debug|x86 = Debug|x86
		Release|x64 = Release|x64
		Release|x86 = Release|x86
	EndGlobalSection
	GlobalSection(ProjectConfigurationPlatforms) = postSolution
		{10F0B11B-B2B7-446F-B7E2-65773AEA3057}.Debug|x64.ActiveCfg = Debug|x64
		{10F0B11B-B2B7-446F-B7E2-65773AEA3057}.Debug|x64.Build.0 = Debug|x64
		{10F0B11B-B2B7-446F-B7E2-65773AEA3057}.Debug|x86.ActiveCfg = Debug|Win32
		{10F0B11B-B2B7-446F-B7E2-65773AEA3057}.Debug|x86.Build.0 = Debug|Win32
		{10F0B11B-B2B7-446F-B7E2-65773AEA3057}.Release|x64.ActiveCfg = Release|x64
		{10F0B11B-B2B7-446F-B7E2-65773AEA3057}.Release|x64.Build.0 = Release|x64
		{10F0B11B-B2B7-446F-B7E2-65773AEA3057}.Release|x86.ActiveCfg = Release|Win32
		{10F0B11B-B2B7-446F-B7E2-65773AEA3057}.Release|x86.Build.0 = Release|Win32
		{CEB832DB-875D-4744-9723-691547886832}.Debug|x64.ActiveCfg = Debug|x64
		{CEB832DB-875D-4744-9723-691547886832}.Debug|x64.Build.0 = Debug|x64
		{CEB832DB-875D-4744-9723-691547886832}.Debug|x86.ActiveCfg = Debug|Win32
		{CEB832DB-875D-4744-9723-691547886832}.Debug|x86.Build.0 = Debug|Win32
		{CEB832DB-875D-4744-9723-691547886832}.Release|x64.ActiveCfg = Release|x64
		{CEB832DB-875D-4744-9723-691547886832}.Release|x64.Build.0 = Release|x64
		{CEB832DB-875D-4744-9723-691547886832}.Release|x86.ActiveCfg = Release|Win32
		{CEB832DB-875D-4744-9723-691547886832}.Release|x86.Build.0 = Release|Win32
		{7D31660C-9377-4054-834F-AE6964F30845}.Debug|x64.ActiveCfg = Debug|x64
		{7D31660C-9377-4054-834F-AE6964F30845}.Debug|x64.Build.0 = Debug|x64
		{7D31660C-9377-4054-834F-AE6964F30845}.Debug|x86.ActiveCfg = Debug|Win32
		{7D31660C-9377-4054-834F-AE6964F30845}.Debug|x86.Build.0 = Debug|Win32
		{7D31660C-9377-4054-834F-AE6964F30845}.Release|x64.ActiveCfg = Release|x64
		{7D31660C-9377-4054-834F-AE6964F30845}.Release|x64.Build.0 = Release|x64
		{7D31660C-9377-4054-834F-AE6964F30845}.Release|x86.ActiveCfg = Release|Win32
		{7D31660C-9377-4054-834F-AE6964F30845}.Release|x86.Build.0 = Release|Win32
		{02ED066E-1BF8-4C4A-A747-2CB2030D96E2}.Debug|x64.ActiveCfg = Debug|x64
		{02ED066E-1BF8-4C4A-A747-2CB2030D96E2}.Debug|x64.Build.0 = Debug|x64
		{02ED066E-1BF8-4C4A-A747-2CB2030D96E2}.Debug|x86.ActiveCfg = Debug|Win32
		{02ED066E-1BF8-4C4A-A747-2CB2030D96E2}.Debug|x86.Build.0 = Debug|Win32
		{02ED066E-1BF8-4C4A-A747-2CB2030D96E2}.Release|x64.ActiveCfg = Release|x64
		{02ED066E-1BF8-4C4A-A747-2CB2030D96E2}.Release|x64.Build.0 = Release|x64
		{02ED066E-1BF8-4C4A-A747-2CB2030D96E2}.Release|x86.ActiveCfg = Release|Win32
		{02ED066E-1BF8-4C4A-A747-2CB2030D96E2}.Release|x86.Build.0 = Release|Win32
		{4580811A-E985-4BD0-920C-979A56F90960}.Debug|x64.ActiveCfg = Debug|x64
		{4580811A-E985-4BD0-920C-979A56F90960}.Debug|x64.Build.0 = Debug|x64
		{4580811A-E985-4BD0-920C-979A56F90960}.Debug|x86.ActiveCfg = Debug|Win32
		{4580811A-E985-4BD0-920C-979A56F90960}.Debug|x86.Build.0 = Debug|Win32
		{4580811A-E985-4BD0-920C-979A56F90960}.Release|x64.ActiveCfg = Release|x64
		{4580811A-E985-4BD0-920C-979A56F90960}.Release|x64.Build.0 = Release|x64
		{4580811A-E985-4BD0-920C-979A56F90960}.Release|x86.ActiveCfg = Release|Win32
		{4580811A-E985-4BD0-920C-979A56F90960}.Release|x86.Build.0 = Release|Win32
		{0BDCBB77-869D-461D-8A5D-1F25358455D3}.Debug|x64.ActiveCfg = Debug|x64
		{0BDCBB77-869D-461D-8A5D-1F25358455D3}.Debug|x64.Build.0 = Debug|x64
		{0BDCBB77-869D-461D-8A5D-1F25358455D3}.Debug|x86.ActiveCfg = Debug|Win32
		{0BDCBB77-869D-461D-8A5D-1F25358455D3}.Debug|x86.Build.0 = Debug|Win32
		{0BDCBB77-869D-461D-8A5D-1F25358455D3}.Release|x64.ActiveCfg = Release|x64
		{0BDCBB77-869D-461D-8A5D-1F25358455D3}.Release|x64.Build.0 = Release|x64
		{0BDCBB77-869D-461D-8A5D-1F25358455D3}.Release|x86.ActiveCfg = Release|Win32
		{0BDCBB77-869D-461D-8A5D-1F25358455D3}.Release|x86.Build.0 = Release|Win32
		{1EE713D5-BBC5-4115-AD84-4A819E2652E1}.Debug|x64.ActiveCfg = Debug|x64
		{1EE713D5-BBC5-4115-AD84-4A819E2652E1}.Debug|x64.Build.0 = Debug|x64
		{1EE713D5-BBC5-4115-AD84-4A819E2652E1}.Debug|x86.ActiveCfg = Debug|Win32
		{1EE713D5-BBC5-4115-AD84-4A819E2652E1}.Debug|x86.Build.0 = Debug|Win32
		{1EE713D5-BBC5-4115-AD84-4A819E2652E1}.Release|x64.ActiveCfg = Release|x64
		{1EE713D5-BBC5-4115-AD84-4A819E2652E1}.Release|x64.Build.0 = Release|x64
		{1EE713D5-BBC5-4115-AD84-4A819E2652E1}.Release|x86.ActiveCfg = Release|Win32
		{1EE713D5-BBC5-4115-AD84-4A819E2652E1}.Release|x86.Build.0 = Release|Win32
		{44A08E02-7F8A-4A45-B0C7-7138C2111440}.Debug|x64.ActiveCfg = Debug|x64
		{44A08E02-7F8A-4A45-B0C7-7138C2111440}.Debug|x64.Build.0 = Debug|x64
		{44A08E02-7F8A-4A45-B0C7-7138C2111440}.Debug|x86.ActiveCfg = Debug|Win32
		{44A08E02-7F8A-4A45-B0C7-7138C2111440}.Debug|x86.Build.0 = Debug|Win32
		{44A08E02-7F8A-4A45-B0C7-7138C2111440}.Release|x64.ActiveCfg = Release|x64
		{44A08E02-7F8A-4A45-B0C7-7138C2111440}.Release|x64.Build.0 = Release|x64
		{44A08E02-7F8A-4A45-B0C7-7138C2111440}.Release|x86.ActiveCfg = Release|Win32
		{44A08E02-7F8A-4A45-B0C7-7138C2111440}.Release|x86.Build.0 = Release|Win32
		{12E28A31-1EC6-4A39-8E33-4A698FF0F1B5}.Debug|x64.ActiveCfg = Debug|x64
		{12E28A31-1EC6-4A39-8E33-4A698FF0F1B5}.Debug|x64.Build.0 = Debug|x64
		{12E28A31-1EC6-4A39-8E33-4A698FF0F1B5}.Debug|x86.ActiveCfg = Debug|Win32
		{12E28A31-1EC6-4A39-8E33-4A698FF0F1B5}.Debug|x86.Build.0 = Debug|Win32
		{12E28A31-1EC6-4A39-8E33-4A698FF0F1B5}.Release|x64.ActiveCfg = Release|x64
		{12E28A31-1EC6-4A39-8E33-4A698FF0F1B5}.Release|x64.Build.0 = Release|x64
		{12E28A31-1EC6-4A39-8E33-4A698FF0F1B5}.Release|x86.ActiveCfg = Release|Win32
		{12E28A31-1EC6-4A39-8E33-4A698FF0F1B5}.Release|x86.Build.0 = Release|Win32
		{2A822265-7AC9-44AE-99BE-02BFE08D542E}.Debug|x64.ActiveCfg = Debug|x64
		{2A822265-7AC9-44AE-99BE-02BFE08D542E}.Debug|x64.Build.0 = Debug|x64
		{2A822265-7AC9-44AE-99BE-02BFE08D542E}.Debug|x86.ActiveCfg = Debug|Win32
		{2A822265-7AC9-44AE-99BE-02BFE08D542E}.Debug|x86.Build.0 = Debug|Win32
		{2A822265-7AC9-44AE-99BE-02BFE08D542E}.Release|x64.ActiveCfg = Release|x64
		{2A822265-7AC9-44AE-99BE-02BFE08D542E}.Release|x64.Build.0 = Release|x64
		{2A822265-7AC9-44AE-99BE-02BFE08D542E}.Release|x86.ActiveCfg = Release|Win32
		{2A822265-7AC9-44AE-99BE-02BFE08D542E}.Release|x86.Build.0 = Release|Win32
		{C2305F4D-377C-413C-BA0A-702EDD396193}.Debug|x64.ActiveCfg = Debug|x64
		{C2305F4D-377C-413C-BA0A-702EDD396193}.Debug|x64.Build.0 = Debug|x64
		{C2305F4D-377C-413C-BA0A-702EDD396193}.Debug|x86.ActiveCfg = Debug|Win32
		{C2305F4D-377C-413C-BA0A-702EDD396193}.Debug|x86.Build.0 = Debug|Win32
		{C2305F4D-377C-413C-BA0A-702EDD396193}.Release|x64.ActiveCfg = Release|x64
		{C2305F4D-377C-413C-BA0A-702EDD396193}.Release|x64.Build.0 = Release|x64
		{C2305F4D-377C-413C-BA0A-702EDD396193}.Release|x86.ActiveCfg = Release|Win32
		{C2305F4D-377C-413C-BA0A-702EDD396193}.Release|x86.Build.0 = Release|Win32
		{CD7381DD-00FB-4845-9C75-25C27E863046}.Debug|x64.ActiveCfg = Debug|x64
		{CD7381DD-00FB-4845-9C75-25C27E863046}.Debug|x64.Build.0 = Debug|x64
		{CD7381DD-00FB-4845-9C75-25C27E863046}.Debug|x86.ActiveCfg = Debug|Win32
		{CD7381DD-00FB-4845-9C75-25C27E863046}.Debug|x86.Build.0 = Debug|Win32
		{CD7381DD-00FB-4845-9C75-25C27E863046}.Release|x64.ActiveCfg = Release|x64
		{CD7381DD-00FB-4845-9C75-25C27E863046}.Release|x64.Build.0 = Release|x64
		{CD7381DD-00FB-4845-9C75-25C27E863046}.Release|x86.ActiveCfg = Release|Win32
		{CD7381DD-00FB-4845-9C75-25C27E863046}.Release|x86.Build.0 = Release|Win32
		{E6DDA110-62A6-4384-B1A1-3E73CAF8E635}.Debug|x64.ActiveCfg = Debug|x64
		{E6DDA110-62A6-4384-B1A1-3E73CAF8E635}.Debug|x64.Build.0 = Debug|x64
		{E6DDA110-62A6-4384-B1A1-3E73CAF8E635}.Debug|x86.ActiveCfg = Debug|Win32
		{E6DDA110-62A6-4384-B1A1-3E73CAF8E635}.Debug|x86.Build.0 = Debug|Win32
		{E6DDA110-62A6-4384-B1A1-3E73CAF8E635}.Release|x64.ActiveCfg = Release|x64
		{E6DDA110-62A6-4384-B1A1-3E73CAF8E635}.Release|x64.Build.0 = Release|x64
		{E6DDA110-62A6-4384-B1A1-3E73CAF8E635}.Release|x86.ActiveCfg = Release|Win32
		{E6DDA110-62A6-4384-B1A1-3E73CAF8E635}.Release|x86.Build.0 = Release|Win32
		{27184A80-403F-4FDA-81DA-CED790F808A0}.Debug|x64.ActiveCfg = Debug|x64
		{27184A80-403F-4FDA-81DA-CED790F808A0}.Debug|x64.Build.0 = Debug|x64
		{27184A80-403F-4FDA-81DA-CED790F808A0}.Debug|x86.ActiveCfg = Debug|Win32
		{27184A80-403F-4FDA-81DA-CED790F808A0}.Debug|x86.Build.0 = Debug|Win32
		{27184A80-403F-4FDA-81DA-CED790F808A0}.Release|x64.ActiveCfg = Release|x64
		{27184A80-403F-4FDA-81DA-CED790F808A0}.Release|x64.Build.0 = Release|x64
		{27184A80-403F-4FDA-81DA-CED790F808A0}.Release|x86.ActiveCfg = Release|Win32
		{27184A80-403F-4FDA-81DA-CED790F808A0}.Release|x86.Build.0 = Release|Win32
		{B763A53F-9B02-4885-B08D-83F08A3DB6B5}.Debug|x64.ActiveCfg = Debug|x64
		{B763A53F-9B02-4885-B08D-83F08A3DB6B5}.Debug|x64.Build.0 = Debug|x64
		{B763A53F-9B02-4885-B08D-83F08A3DB6B5}.Debug|x86.ActiveCfg = Debug|Win32
		{B763A53F-9B02-4885-B08D-83F08A3DB6B5}.Debug|x86.Build.0 = Debug|Win32
		{B763A53F-9B02-4885-B08D-83F08A3DB6B5}.Release|x64.ActiveCfg = Release|x64
		{B763A53F-9B02-4885-B08D-83F08A3DB6B5}.Release|x64.Build.0 = Release|x64
		{B763A53F-9B02-4885-B08D-83F08A3DB6B5}.Release|x86.ActiveCfg = Release|Win32
		{B763A53F-9B02-4885-B08D-83F08A3DB6B5}.Release|x86.Build.0 = Release|Win32
	EndGlobalSection
	GlobalSection(SolutionProperties) = preSolution
		HideSolutionNode = FALSE
	EndGlobalSection
EndGlobal
