<?xml version="1.0" encoding="utf-8"?>
<Project ToolsVersion="4.0" xmlns="http://schemas.microsoft.com/developer/msbuild/2003">
  <ItemGroup>
    <Filter Include="Source Files">
      <UniqueIdentifier>{4FC737F1-C7A5-4376-A066-2A32D752A2FF}</UniqueIdentifier>
      <Extensions>cpp;c;cc;cxx;def;odl;idl;hpj;bat;asm;asmx</Extensions>
    </Filter>
    <Filter Include="Header Files">
      <UniqueIdentifier>{93995380-89BD-4b04-88EB-625FBE52EBFB}</UniqueIdentifier>
      <Extensions>h;hh;hpp;hxx;hm;inl;inc;xsd</Extensions>
    </Filter>
    <Filter Include="Resource Files">
      <UniqueIdentifier>{67DA6AB6-F800-4c08-8B7A-83BB121AAD01}</UniqueIdentifier>
      <Extensions>rc;ico;cur;bmp;dlg;rc2;rct;bin;rgs;gif;jpg;jpeg;jpe;resx;tiff;tif;png;wav;mfcribbon-ms</Extensions>
    </Filter>
    <Filter Include="Strategies">
      <UniqueIdentifier>{109a830d-cd50-4292-ad0d-47df5e4044e9}</UniqueIdentifier>
    </Filter>
  </ItemGroup>
  <ItemGroup>
    <ClInclude Include="stdafx.h">
      <Filter>Header Files</Filter>
    </ClInclude>
    <ClInclude Include="Graph.h">
      <Filter>Header Files</Filter>
    </ClInclude>
    <ClInclude Include="Option.h">
      <Filter>Header Files</Filter>
    </ClInclude>
    <ClInclude Include="GraphProb.h">
      <Filter>Header Files</Filter>
    </ClInclude>
    <ClInclude Include="Motif.h">
      <Filter>Header Files</Filter>
    </ClInclude>
    <ClInclude Include="CandidateMethodFactory.h">
      <Filter>Header Files</Filter>
    </ClInclude>
    <ClInclude Include="CandidateMethod.h">
      <Filter>Header Files</Filter>
    </ClInclude>
    <ClInclude Include="CandidateMthdFreq.h">
      <Filter>Header Files</Filter>
    </ClInclude>
    <ClInclude Include="StrategyCandidate.h">
      <Filter>Header Files</Filter>
    </ClInclude>
    <ClInclude Include="StrategyCandidatePN.h">
      <Filter>Header Files</Filter>
    </ClInclude>
    <ClInclude Include="CandidateMthdInfreq.h">
      <Filter>Header Files</Filter>
    </ClInclude>
  </ItemGroup>
  <ItemGroup>
    <ClCompile Include="stdafx.cpp">
      <Filter>Source Files</Filter>
    </ClCompile>
    <ClCompile Include="Search.cpp">
      <Filter>Source Files</Filter>
    </ClCompile>
    <ClCompile Include="Graph.cpp">
      <Filter>Source Files</Filter>
    </ClCompile>
    <ClCompile Include="Option.cpp">
      <Filter>Source Files</Filter>
    </ClCompile>
    <ClCompile Include="GraphProb.cpp">
      <Filter>Source Files</Filter>
    </ClCompile>
    <ClCompile Include="Motif.cpp">
      <Filter>Source Files</Filter>
    </ClCompile>
    <ClCompile Include="CandidateMethodFactory.cpp">
      <Filter>Source Files</Filter>
    </ClCompile>
    <ClCompile Include="CandidateMethod.cpp">
      <Filter>Source Files</Filter>
    </ClCompile>
    <ClCompile Include="CandidateMthdFreq.cpp">
      <Filter>Source Files</Filter>
    </ClCompile>
    <ClCompile Include="StrategyCandidate.cpp">
      <Filter>Source Files</Filter>
    </ClCompile>
    <ClCompile Include="StrategyCandidatePN.cpp">
      <Filter>Source Files</Filter>
    </ClCompile>
    <ClCompile Include="CandidateMthdInfreq.cpp">
      <Filter>Source Files</Filter>
    </ClCompile>
  </ItemGroup>
</Project>