<?xml version="1.0" encoding="utf-8"?>
<Project ToolsVersion="4.0" xmlns="http://schemas.microsoft.com/developer/msbuild/2003">
  <ItemGroup>
    <Filter Include="Source Files">
      <UniqueIdentifier>{4FC737F1-C7A5-4376-A066-2A32D752A2FF}</UniqueIdentifier>
      <Extensions>cpp;c;cc;cxx;def;odl;idl;hpj;bat;asm;asmx</Extensions>
    </Filter>
    <Filter Include="Header Files">
      <UniqueIdentifier>{93995380-89BD-4b04-88EB-625FBE52EBFB}</UniqueIdentifier>
      <Extensions>h;hh;hpp;hxx;hm;inl;inc;xsd</Extensions>
    </Filter>
    <Filter Include="Strategies">
      <UniqueIdentifier>{109a830d-cd50-4292-ad0d-47df5e4044e9}</UniqueIdentifier>
    </Filter>
    <Filter Include="Strategies\Source">
      <UniqueIdentifier>{72e1f70d-7819-41de-b646-442980977487}</UniqueIdentifier>
    </Filter>
    <Filter Include="DataHolder">
      <UniqueIdentifier>{6d9dca73-1090-46fd-ad13-91387f14d3ba}</UniqueIdentifier>
    </Filter>
    <Filter Include="DataHolder\Source">
      <UniqueIdentifier>{79092dea-5f5d-488c-87c2-5f6acbe358b2}</UniqueIdentifier>
    </Filter>
    <Filter Include="Distributed">
      <UniqueIdentifier>{b48a8678-1693-4c68-8802-3fc1385e4c50}</UniqueIdentifier>
    </Filter>
    <Filter Include="Distributed\Source">
      <UniqueIdentifier>{0dd9a219-3783-4d51-abd9-dce49ae85e4c}</UniqueIdentifier>
    </Filter>
  </ItemGroup>
  <ItemGroup>
    <ClInclude Include="stdafx.h">
      <Filter>Header Files</Filter>
    </ClInclude>
    <ClInclude Include="Option.h">
      <Filter>Header Files</Filter>
    </ClInclude>
    <ClInclude Include="FactoryProductTemplate.h">
      <Filter>Header Files</Filter>
    </ClInclude>
    <ClInclude Include="FactoryTemplate.h">
      <Filter>Header Files</Filter>
    </ClInclude>
    <ClInclude Include="StrategyBase.h">
      <Filter>Strategies</Filter>
    </ClInclude>
    <ClInclude Include="StrategyDUG.h">
      <Filter>Strategies</Filter>
    </ClInclude>
    <ClInclude Include="TopKHolder.hpp">
      <Filter>Header Files</Filter>
    </ClInclude>
    <ClInclude Include="StrategyOFG.h">
      <Filter>Strategies</Filter>
    </ClInclude>
    <ClInclude Include="StrategyOFGPara.h">
      <Filter>Strategies</Filter>
    </ClInclude>
    <ClInclude Include="TopKBoundedHolder.hpp">
      <Filter>Header Files</Filter>
    </ClInclude>
    <ClInclude Include="BoundHolder.hpp">
      <Filter>Header Files</Filter>
    </ClInclude>
    <ClInclude Include="MType.h">
      <Filter>Header Files</Filter>
    </ClInclude>
    <ClInclude Include="Stat.h">
      <Filter>Header Files</Filter>
    </ClInclude>
    <ClInclude Include="StrategyFactory.h">
      <Filter>Header Files</Filter>
    </ClInclude>
    <ClInclude Include="DataHolder.h">
      <Filter>DataHolder</Filter>
    </ClInclude>
    <ClInclude Include="Subject.h">
      <Filter>DataHolder</Filter>
    </ClInclude>
    <ClInclude Include="SDSignature.h">
      <Filter>DataHolder</Filter>
    </ClInclude>
    <ClInclude Include="LocalTables.h">
      <Filter>Distributed</Filter>
    </ClInclude>
    <ClInclude Include="DistributedTopKMaintainer.h">
      <Filter>Distributed</Filter>
    </ClInclude>
    <ClInclude Include="RemoteTable.h">
      <Filter>Distributed</Filter>
    </ClInclude>
    <ClInclude Include="ObjFunction.h">
      <Filter>Header Files</Filter>
    </ClInclude>
  </ItemGroup>
  <ItemGroup>
    <ClCompile Include="stdafx.cpp">
      <Filter>Source Files</Filter>
    </ClCompile>
    <ClCompile Include="Search.cpp">
      <Filter>Source Files</Filter>
    </ClCompile>
    <ClCompile Include="Option.cpp">
      <Filter>Source Files</Filter>
    </ClCompile>
    <ClCompile Include="FactoryProductTemplate.cpp">
      <Filter>Source Files</Filter>
    </ClCompile>
    <ClCompile Include="StrategyBase.cpp">
      <Filter>Strategies\Source</Filter>
    </ClCompile>
    <ClCompile Include="StrategyDUG.cpp">
      <Filter>Strategies\Source</Filter>
    </ClCompile>
    <ClCompile Include="StrategyOFG.cpp">
      <Filter>Strategies\Source</Filter>
    </ClCompile>
    <ClCompile Include="StrategyOFG-DCES.cpp">
      <Filter>Strategies\Source</Filter>
    </ClCompile>
    <ClCompile Include="StrategyOFG-SL.cpp">
      <Filter>Strategies\Source</Filter>
    </ClCompile>
    <ClCompile Include="StrategyOFG-OFG.cpp">
      <Filter>Strategies\Source</Filter>
    </ClCompile>
    <ClCompile Include="Stat.cpp">
      <Filter>Source Files</Filter>
    </ClCompile>
    <ClCompile Include="StrategyFactory.cpp">
      <Filter>Source Files</Filter>
    </ClCompile>
    <ClCompile Include="DataHolder.cpp">
      <Filter>DataHolder\Source</Filter>
    </ClCompile>
    <ClCompile Include="SDSignature.cpp">
      <Filter>DataHolder\Source</Filter>
    </ClCompile>
    <ClCompile Include="Subject.cpp">
      <Filter>DataHolder\Source</Filter>
    </ClCompile>
    <ClCompile Include="StrategyOFGPara.cpp">
      <Filter>Strategies\Source</Filter>
    </ClCompile>
    <ClCompile Include="StrategyOFGPara-DCES.cpp">
      <Filter>Strategies\Source</Filter>
    </ClCompile>
    <ClCompile Include="StrategyOFGPara-GTK.cpp">
      <Filter>Strategies\Source</Filter>
    </ClCompile>
    <ClCompile Include="StrategyOFGPara-handler.cpp">
      <Filter>Strategies\Source</Filter>
    </ClCompile>
    <ClCompile Include="StrategyOFGPara-mis.cpp">
      <Filter>Strategies\Source</Filter>
    </ClCompile>
    <ClCompile Include="StrategyOFGPara-OFG.cpp">
      <Filter>Strategies\Source</Filter>
    </ClCompile>
    <ClCompile Include="DistributedTopKMaintainer.cpp">
      <Filter>Distributed\Source</Filter>
    </ClCompile>
    <ClCompile Include="LocalTables.cpp">
      <Filter>Distributed\Source</Filter>
    </ClCompile>
    <ClCompile Include="RemoteTable.cpp">
      <Filter>Distributed\Source</Filter>
    </ClCompile>
    <ClCompile Include="ObjFunction.cpp">
      <Filter>Source Files</Filter>
    </ClCompile>
  </ItemGroup>
  <ItemGroup>
    <None Include="readme.md" />
    <None Include="makefile" />
  </ItemGroup>
</Project>