<?xml version="1.0" encoding="utf-8"?>
<Project ToolsVersion="4.0" xmlns="http://schemas.microsoft.com/developer/msbuild/2003">
  <ItemGroup>
    <ClCompile Include="Corr2Graph.cpp">
      <Filter>Source Files</Filter>
    </ClCompile>
    <ClCompile Include="GraphConverter.cpp">
      <Filter>Source Files</Filter>
    </ClCompile>
    <ClCompile Include="LoaderADHD200.cpp">
      <Filter>Source Files</Filter>
    </ClCompile>
    <ClCompile Include="LoaderFactory.cpp">
      <Filter>Source Files</Filter>
    </ClCompile>
    <ClCompile Include="Option.cpp">
      <Filter>Source Files</Filter>
    </ClCompile>
    <ClCompile Include="stdafx.cpp">
      <Filter>Source Files</Filter>
    </ClCompile>
    <ClCompile Include="TC2Corr.cpp">
      <Filter>Source Files</Filter>
    </ClCompile>
    <ClCompile Include="TCLoader.cpp">
      <Filter>Source Files</Filter>
    </ClCompile>
    <ClCompile Include="IOfunctions.cpp">
      <Filter>Source Files</Filter>
    </ClCompile>
    <ClCompile Include="Subject.cpp">
      <Filter>Source Files</Filter>
    </ClCompile>
    <ClCompile Include="TCCutter.cpp">
      <Filter>Source Files</Filter>
    </ClCompile>
    <ClCompile Include="ComplexParamBase.cpp">
      <Filter>Source Files</Filter>
    </ClCompile>
    <ClCompile Include="TCCutterParam.cpp">
      <Filter>Source Files</Filter>
    </ClCompile>
    <ClCompile Include="LoaderABIDE.cpp">
      <Filter>Source Files</Filter>
    </ClCompile>
    <ClCompile Include="Util.cpp" />
  </ItemGroup>
  <ItemGroup>
    <ClInclude Include="Corr2Graph.h">
      <Filter>Header Files</Filter>
    </ClInclude>
    <ClInclude Include="LoaderADHD200.h">
      <Filter>Header Files</Filter>
    </ClInclude>
    <ClInclude Include="LoaderFactory.h">
      <Filter>Header Files</Filter>
    </ClInclude>
    <ClInclude Include="Option.h">
      <Filter>Header Files</Filter>
    </ClInclude>
    <ClInclude Include="stdafx.h">
      <Filter>Header Files</Filter>
    </ClInclude>
    <ClInclude Include="TC2Corr.h">
      <Filter>Header Files</Filter>
    </ClInclude>
    <ClInclude Include="TCLoader.h">
      <Filter>Header Files</Filter>
    </ClInclude>
    <ClInclude Include="TypeDef.h">
      <Filter>Header Files</Filter>
    </ClInclude>
    <ClInclude Include="IOfunctions.h">
      <Filter>Header Files</Filter>
    </ClInclude>
    <ClInclude Include="Subject.h">
      <Filter>Header Files</Filter>
    </ClInclude>
    <ClInclude Include="TCCutter.h">
      <Filter>Header Files</Filter>
    </ClInclude>
    <ClInclude Include="ComplexParamBase.h">
      <Filter>Header Files</Filter>
    </ClInclude>
    <ClInclude Include="TCCutterParam.h">
      <Filter>Header Files</Filter>
    </ClInclude>
    <ClInclude Include="LoaderABIDE.h">
      <Filter>Header Files</Filter>
    </ClInclude>
    <ClInclude Include="Util.h" />
  </ItemGroup>
  <ItemGroup>
    <Filter Include="Header Files">
      <UniqueIdentifier>{16ddc8d8-259a-4de7-a13a-0ba63adc3497}</UniqueIdentifier>
    </Filter>
    <Filter Include="Source Files">
      <UniqueIdentifier>{ee894258-537b-4de2-a3cb-3688f0cc27d8}</UniqueIdentifier>
    </Filter>
  </ItemGroup>
  <ItemGroup>
    <None Include="readme.md" />
  </ItemGroup>
</Project>